// !$*UTF8*$!
{
	archiveVersion = 1;
	classes = {
	};
	objectVersion = 55;
	objects = {

/* Begin PBXBuildFile section */
		F96666C7284CF0F300E5DF64 /* BaseViewController.swift in Sources */ = {isa = PBXBuildFile; fileRef = F96666BE284CF0F300E5DF64 /* BaseViewController.swift */; };
		F96666C8284CF0F300E5DF64 /* .swiftlint.yml in Resources */ = {isa = PBXBuildFile; fileRef = F96666BF284CF0F300E5DF64 /* .swiftlint.yml */; };
		F96666C9284CF0F300E5DF64 /* Assets.xcassets in Resources */ = {isa = PBXBuildFile; fileRef = F96666C0284CF0F300E5DF64 /* Assets.xcassets */; };
		F96666CA284CF0F300E5DF64 /* LaunchScreen.storyboard in Resources */ = {isa = PBXBuildFile; fileRef = F96666C1284CF0F300E5DF64 /* LaunchScreen.storyboard */; };
		F96666CB284CF0F300E5DF64 /* Main.storyboard in Resources */ = {isa = PBXBuildFile; fileRef = F96666C3284CF0F300E5DF64 /* Main.storyboard */; };
		F96666CC284CF0F300E5DF64 /* UIPreView.swift in Sources */ = {isa = PBXBuildFile; fileRef = F96666C5284CF0F300E5DF64 /* UIPreView.swift */; };
		F96666CD284CF0F300E5DF64 /* AppDelegate.swift in Sources */ = {isa = PBXBuildFile; fileRef = F96666C6284CF0F300E5DF64 /* AppDelegate.swift */; };
		F96666D1284CF16000E5DF64 /* SwiftDate in Frameworks */ = {isa = PBXBuildFile; productRef = F96666D0284CF16000E5DF64 /* SwiftDate */; };
		F96666D4284CF17000E5DF64 /* Moya in Frameworks */ = {isa = PBXBuildFile; productRef = F96666D3284CF17000E5DF64 /* Moya */; };
		F96666D6284CF17000E5DF64 /* RxMoya in Frameworks */ = {isa = PBXBuildFile; productRef = F96666D5284CF17000E5DF64 /* RxMoya */; };
		F96666DE284CF27E00E5DF64 /* TodayWeatherSummaryViewController.swift in Sources */ = {isa = PBXBuildFile; fileRef = F96666DD284CF27E00E5DF64 /* TodayWeatherSummaryViewController.swift */; };
		F96666E2284CF2C800E5DF64 /* WeatherResponseDTO.swift in Sources */ = {isa = PBXBuildFile; fileRef = F96666E1284CF2C800E5DF64 /* WeatherResponseDTO.swift */; };
		F96666E4284CF2E800E5DF64 /* TodayWeatherEntity.swift in Sources */ = {isa = PBXBuildFile; fileRef = F96666E3284CF2E800E5DF64 /* TodayWeatherEntity.swift */; };
		F96666E6284CF3A900E5DF64 /* TodayWeatherViewModel.swift in Sources */ = {isa = PBXBuildFile; fileRef = F96666E5284CF3A900E5DF64 /* TodayWeatherViewModel.swift */; };
		F96666F0284D263A00E5DF64 /* FetchTodayWeatherUseCase.swift in Sources */ = {isa = PBXBuildFile; fileRef = F96666EF284D263A00E5DF64 /* FetchTodayWeatherUseCase.swift */; };
		F96666F2284D267600E5DF64 /* TodayWeatherRepositoryInterface.swift in Sources */ = {isa = PBXBuildFile; fileRef = F96666F1284D267600E5DF64 /* TodayWeatherRepositoryInterface.swift */; };
		F96666F4284D268600E5DF64 /* TodayWeatherRepository.swift in Sources */ = {isa = PBXBuildFile; fileRef = F96666F3284D268600E5DF64 /* TodayWeatherRepository.swift */; };
		F96666F7284D27C500E5DF64 /* WeatherAPI.swift in Sources */ = {isa = PBXBuildFile; fileRef = F96666F6284D27C500E5DF64 /* WeatherAPI.swift */; };
		F96666F9284D33CB00E5DF64 /* TodayWeatherSummaryView.swift in Sources */ = {isa = PBXBuildFile; fileRef = F96666F8284D33CB00E5DF64 /* TodayWeatherSummaryView.swift */; };
		F966670728530B1400E5DF64 /* TodayWeatherStackItemView.swift in Sources */ = {isa = PBXBuildFile; fileRef = F966670628530B1400E5DF64 /* TodayWeatherStackItemView.swift */; };
		F966670D2855BFAA00E5DF64 /* TodayWeatherContainerViewController.swift in Sources */ = {isa = PBXBuildFile; fileRef = F966670C2855BFAA00E5DF64 /* TodayWeatherContainerViewController.swift */; };
		F966670F2855BFB800E5DF64 /* TodayWeatherContainerView.swift in Sources */ = {isa = PBXBuildFile; fileRef = F966670E2855BFB800E5DF64 /* TodayWeatherContainerView.swift */; };
		F96667112855C1BE00E5DF64 /* TodayWeatherGraphViewController.swift in Sources */ = {isa = PBXBuildFile; fileRef = F96667102855C1BE00E5DF64 /* TodayWeatherGraphViewController.swift */; };
		F96667132855C1C600E5DF64 /* TodayWeahterGraphView.swift in Sources */ = {isa = PBXBuildFile; fileRef = F96667122855C1C600E5DF64 /* TodayWeahterGraphView.swift */; };
		F96667162855C38700E5DF64 /* Charts in Frameworks */ = {isa = PBXBuildFile; productRef = F96667152855C38700E5DF64 /* Charts */; };
		F96667182855CE9000E5DF64 /* TodayWeatherSegmentView.swift in Sources */ = {isa = PBXBuildFile; fileRef = F96667172855CE9000E5DF64 /* TodayWeatherSegmentView.swift */; };
		F966671B2855CF2B00E5DF64 /* gConstant.swift in Sources */ = {isa = PBXBuildFile; fileRef = F966671A2855CF2B00E5DF64 /* gConstant.swift */; };
		F966671D2855F8FF00E5DF64 /* ParticulateMatterView.swift in Sources */ = {isa = PBXBuildFile; fileRef = F966671C2855F8FF00E5DF64 /* ParticulateMatterView.swift */; };
		F966671F2855FC6600E5DF64 /* ParticulateMatterCircleView.swift in Sources */ = {isa = PBXBuildFile; fileRef = F966671E2855FC6600E5DF64 /* ParticulateMatterCircleView.swift */; };
		F96667222857373B00E5DF64 /* CLLocationManager+Rx.swift in Sources */ = {isa = PBXBuildFile; fileRef = F96667212857373B00E5DF64 /* CLLocationManager+Rx.swift */; };
		F966672428573EF300E5DF64 /* ParticulateMatterStackView.swift in Sources */ = {isa = PBXBuildFile; fileRef = F966672328573EF300E5DF64 /* ParticulateMatterStackView.swift */; };
		F97632B8284234AB00AE6854 /* MoodTodayTests.swift in Sources */ = {isa = PBXBuildFile; fileRef = F97632B7284234AB00AE6854 /* MoodTodayTests.swift */; };
		F97632C2284234AB00AE6854 /* MoodTodayUITests.swift in Sources */ = {isa = PBXBuildFile; fileRef = F97632C1284234AB00AE6854 /* MoodTodayUITests.swift */; };
		F97632C4284234AB00AE6854 /* MoodTodayUITestsLaunchTests.swift in Sources */ = {isa = PBXBuildFile; fileRef = F97632C3284234AB00AE6854 /* MoodTodayUITestsLaunchTests.swift */; };
		F97632D22842357A00AE6854 /* RxCocoa in Frameworks */ = {isa = PBXBuildFile; productRef = F97632D12842357A00AE6854 /* RxCocoa */; };
		F97632D42842357A00AE6854 /* RxSwift in Frameworks */ = {isa = PBXBuildFile; productRef = F97632D32842357A00AE6854 /* RxSwift */; };
		F97632D72842367200AE6854 /* Alamofire in Frameworks */ = {isa = PBXBuildFile; productRef = F97632D62842367200AE6854 /* Alamofire */; };
		F97632DA2842369F00AE6854 /* Kingfisher in Frameworks */ = {isa = PBXBuildFile; productRef = F97632D92842369F00AE6854 /* Kingfisher */; };
		F97632DD284236BD00AE6854 /* Then in Frameworks */ = {isa = PBXBuildFile; productRef = F97632DC284236BD00AE6854 /* Then */; };
		F97632E0284236FD00AE6854 /* SnapKit in Frameworks */ = {isa = PBXBuildFile; productRef = F97632DF284236FD00AE6854 /* SnapKit */; };
		F97632E72842378500AE6854 /* AppDIContainer.swift in Sources */ = {isa = PBXBuildFile; fileRef = F97632E62842378500AE6854 /* AppDIContainer.swift */; };
		F998F00B285E065200A1C363 /* LocationConverter.swift in Sources */ = {isa = PBXBuildFile; fileRef = F998F00A285E065200A1C363 /* LocationConverter.swift */; };
		F998F00D285E20BF00A1C363 /* TodayParticularMatterRepository.swift in Sources */ = {isa = PBXBuildFile; fileRef = F998F00C285E20BF00A1C363 /* TodayParticularMatterRepository.swift */; };
		F998F00F285E20DE00A1C363 /* TodayParticularMatterRepositoryInterface.swift in Sources */ = {isa = PBXBuildFile; fileRef = F998F00E285E20DE00A1C363 /* TodayParticularMatterRepositoryInterface.swift */; };
		F998F011285E210400A1C363 /* ParticularMatterAPI.swift in Sources */ = {isa = PBXBuildFile; fileRef = F998F010285E210400A1C363 /* ParticularMatterAPI.swift */; };
		F998F013285E249800A1C363 /* FetchTodayPMUseCase.swift in Sources */ = {isa = PBXBuildFile; fileRef = F998F012285E249800A1C363 /* FetchTodayPMUseCase.swift */; };
		F998F015285E5FB400A1C363 /* ParticularMatterResponseDTO.swift in Sources */ = {isa = PBXBuildFile; fileRef = F998F014285E5FB400A1C363 /* ParticularMatterResponseDTO.swift */; };
		F998F017285E60DE00A1C363 /* TodayParticularMatterEntity.swift in Sources */ = {isa = PBXBuildFile; fileRef = F998F016285E60DE00A1C363 /* TodayParticularMatterEntity.swift */; };
		F99A4EA2285F2753008F6979 /* NIXGONFONTS B 2.0.ttf in Resources */ = {isa = PBXBuildFile; fileRef = F99A4E9F285F2753008F6979 /* NIXGONFONTS B 2.0.ttf */; };
		F99A4EA3285F2753008F6979 /* NIXGONFONTS M 2.0.ttf in Resources */ = {isa = PBXBuildFile; fileRef = F99A4EA0285F2753008F6979 /* NIXGONFONTS M 2.0.ttf */; };
		F99A4EA4285F2753008F6979 /* NIXGONFONTS L 2.0.ttf in Resources */ = {isa = PBXBuildFile; fileRef = F99A4EA1285F2753008F6979 /* NIXGONFONTS L 2.0.ttf */; };
		F9E4A9BE285890C6002363DB /* AgreementViewController.swift in Sources */ = {isa = PBXBuildFile; fileRef = F9E4A9BD285890C6002363DB /* AgreementViewController.swift */; };
		F9E4A9C0285890CD002363DB /* AgreementView.swift in Sources */ = {isa = PBXBuildFile; fileRef = F9E4A9BF285890CD002363DB /* AgreementView.swift */; };
		F9E4A9C22858910C002363DB /* LocationManager.swift in Sources */ = {isa = PBXBuildFile; fileRef = F9E4A9C12858910C002363DB /* LocationManager.swift */; };
		F9E4A9C428589683002363DB /* AgreementViewModel.swift in Sources */ = {isa = PBXBuildFile; fileRef = F9E4A9C328589683002363DB /* AgreementViewModel.swift */; };
		F9E4A9C6285898A3002363DB /* UpdateUserLocationUseCase.swift in Sources */ = {isa = PBXBuildFile; fileRef = F9E4A9C5285898A3002363DB /* UpdateUserLocationUseCase.swift */; };
		F9E4A9C828589975002363DB /* UserLocationRepositoryInterface.swift in Sources */ = {isa = PBXBuildFile; fileRef = F9E4A9C728589975002363DB /* UserLocationRepositoryInterface.swift */; };
		F9E4A9CA2858999A002363DB /* UserLocationRepository.swift in Sources */ = {isa = PBXBuildFile; fileRef = F9E4A9C92858999A002363DB /* UserLocationRepository.swift */; };
/* End PBXBuildFile section */

/* Begin PBXContainerItemProxy section */
		F97632B4284234AB00AE6854 /* PBXContainerItemProxy */ = {
			isa = PBXContainerItemProxy;
			containerPortal = F9763295284234AA00AE6854 /* Project object */;
			proxyType = 1;
			remoteGlobalIDString = F976329C284234AA00AE6854;
			remoteInfo = MoodToday;
		};
		F97632BE284234AB00AE6854 /* PBXContainerItemProxy */ = {
			isa = PBXContainerItemProxy;
			containerPortal = F9763295284234AA00AE6854 /* Project object */;
			proxyType = 1;
			remoteGlobalIDString = F976329C284234AA00AE6854;
			remoteInfo = MoodToday;
		};
/* End PBXContainerItemProxy section */

/* Begin PBXFileReference section */
		F96666BE284CF0F300E5DF64 /* BaseViewController.swift */ = {isa = PBXFileReference; fileEncoding = 4; lastKnownFileType = sourcecode.swift; path = BaseViewController.swift; sourceTree = "<group>"; };
		F96666BF284CF0F300E5DF64 /* .swiftlint.yml */ = {isa = PBXFileReference; fileEncoding = 4; lastKnownFileType = text.yaml; name = .swiftlint.yml; path = "MoodToday/Supporting Files/.swiftlint.yml"; sourceTree = "<group>"; };
		F96666C0284CF0F300E5DF64 /* Assets.xcassets */ = {isa = PBXFileReference; lastKnownFileType = folder.assetcatalog; path = Assets.xcassets; sourceTree = "<group>"; };
		F96666C2284CF0F300E5DF64 /* Base */ = {isa = PBXFileReference; lastKnownFileType = file.storyboard; name = Base; path = Base.lproj/LaunchScreen.storyboard; sourceTree = "<group>"; };
		F96666C4284CF0F300E5DF64 /* Base */ = {isa = PBXFileReference; lastKnownFileType = file.storyboard; name = Base; path = Base.lproj/Main.storyboard; sourceTree = "<group>"; };
		F96666C5284CF0F300E5DF64 /* UIPreView.swift */ = {isa = PBXFileReference; fileEncoding = 4; lastKnownFileType = sourcecode.swift; path = UIPreView.swift; sourceTree = "<group>"; };
		F96666C6284CF0F300E5DF64 /* AppDelegate.swift */ = {isa = PBXFileReference; fileEncoding = 4; lastKnownFileType = sourcecode.swift; path = AppDelegate.swift; sourceTree = "<group>"; };
		F96666DD284CF27E00E5DF64 /* TodayWeatherSummaryViewController.swift */ = {isa = PBXFileReference; lastKnownFileType = sourcecode.swift; path = TodayWeatherSummaryViewController.swift; sourceTree = "<group>"; };
		F96666E1284CF2C800E5DF64 /* WeatherResponseDTO.swift */ = {isa = PBXFileReference; lastKnownFileType = sourcecode.swift; path = WeatherResponseDTO.swift; sourceTree = "<group>"; };
		F96666E3284CF2E800E5DF64 /* TodayWeatherEntity.swift */ = {isa = PBXFileReference; lastKnownFileType = sourcecode.swift; path = TodayWeatherEntity.swift; sourceTree = "<group>"; };
		F96666E5284CF3A900E5DF64 /* TodayWeatherViewModel.swift */ = {isa = PBXFileReference; lastKnownFileType = sourcecode.swift; path = TodayWeatherViewModel.swift; sourceTree = "<group>"; };
		F96666EF284D263A00E5DF64 /* FetchTodayWeatherUseCase.swift */ = {isa = PBXFileReference; lastKnownFileType = sourcecode.swift; path = FetchTodayWeatherUseCase.swift; sourceTree = "<group>"; };
		F96666F1284D267600E5DF64 /* TodayWeatherRepositoryInterface.swift */ = {isa = PBXFileReference; lastKnownFileType = sourcecode.swift; path = TodayWeatherRepositoryInterface.swift; sourceTree = "<group>"; };
		F96666F3284D268600E5DF64 /* TodayWeatherRepository.swift */ = {isa = PBXFileReference; lastKnownFileType = sourcecode.swift; path = TodayWeatherRepository.swift; sourceTree = "<group>"; };
		F96666F6284D27C500E5DF64 /* WeatherAPI.swift */ = {isa = PBXFileReference; lastKnownFileType = sourcecode.swift; path = WeatherAPI.swift; sourceTree = "<group>"; };
		F96666F8284D33CB00E5DF64 /* TodayWeatherSummaryView.swift */ = {isa = PBXFileReference; lastKnownFileType = sourcecode.swift; path = TodayWeatherSummaryView.swift; sourceTree = "<group>"; };
		F966670628530B1400E5DF64 /* TodayWeatherStackItemView.swift */ = {isa = PBXFileReference; lastKnownFileType = sourcecode.swift; path = TodayWeatherStackItemView.swift; sourceTree = "<group>"; };
		F966670C2855BFAA00E5DF64 /* TodayWeatherContainerViewController.swift */ = {isa = PBXFileReference; lastKnownFileType = sourcecode.swift; path = TodayWeatherContainerViewController.swift; sourceTree = "<group>"; };
		F966670E2855BFB800E5DF64 /* TodayWeatherContainerView.swift */ = {isa = PBXFileReference; lastKnownFileType = sourcecode.swift; path = TodayWeatherContainerView.swift; sourceTree = "<group>"; };
		F96667102855C1BE00E5DF64 /* TodayWeatherGraphViewController.swift */ = {isa = PBXFileReference; lastKnownFileType = sourcecode.swift; path = TodayWeatherGraphViewController.swift; sourceTree = "<group>"; };
		F96667122855C1C600E5DF64 /* TodayWeahterGraphView.swift */ = {isa = PBXFileReference; lastKnownFileType = sourcecode.swift; path = TodayWeahterGraphView.swift; sourceTree = "<group>"; };
		F96667172855CE9000E5DF64 /* TodayWeatherSegmentView.swift */ = {isa = PBXFileReference; lastKnownFileType = sourcecode.swift; path = TodayWeatherSegmentView.swift; sourceTree = "<group>"; };
		F966671A2855CF2B00E5DF64 /* gConstant.swift */ = {isa = PBXFileReference; lastKnownFileType = sourcecode.swift; path = gConstant.swift; sourceTree = "<group>"; };
		F966671C2855F8FF00E5DF64 /* ParticulateMatterView.swift */ = {isa = PBXFileReference; lastKnownFileType = sourcecode.swift; path = ParticulateMatterView.swift; sourceTree = "<group>"; };
		F966671E2855FC6600E5DF64 /* ParticulateMatterCircleView.swift */ = {isa = PBXFileReference; lastKnownFileType = sourcecode.swift; path = ParticulateMatterCircleView.swift; sourceTree = "<group>"; };
		F96667212857373B00E5DF64 /* CLLocationManager+Rx.swift */ = {isa = PBXFileReference; lastKnownFileType = sourcecode.swift; path = "CLLocationManager+Rx.swift"; sourceTree = "<group>"; };
		F966672328573EF300E5DF64 /* ParticulateMatterStackView.swift */ = {isa = PBXFileReference; lastKnownFileType = sourcecode.swift; path = ParticulateMatterStackView.swift; sourceTree = "<group>"; };
		F976329D284234AA00AE6854 /* MoodToday.app */ = {isa = PBXFileReference; explicitFileType = wrapper.application; includeInIndex = 0; path = MoodToday.app; sourceTree = BUILT_PRODUCTS_DIR; };
		F97632AE284234AB00AE6854 /* Info.plist */ = {isa = PBXFileReference; lastKnownFileType = text.plist.xml; path = Info.plist; sourceTree = "<group>"; };
		F97632B3284234AB00AE6854 /* MoodTodayTests.xctest */ = {isa = PBXFileReference; explicitFileType = wrapper.cfbundle; includeInIndex = 0; path = MoodTodayTests.xctest; sourceTree = BUILT_PRODUCTS_DIR; };
		F97632B7284234AB00AE6854 /* MoodTodayTests.swift */ = {isa = PBXFileReference; lastKnownFileType = sourcecode.swift; path = MoodTodayTests.swift; sourceTree = "<group>"; };
		F97632BD284234AB00AE6854 /* MoodTodayUITests.xctest */ = {isa = PBXFileReference; explicitFileType = wrapper.cfbundle; includeInIndex = 0; path = MoodTodayUITests.xctest; sourceTree = BUILT_PRODUCTS_DIR; };
		F97632C1284234AB00AE6854 /* MoodTodayUITests.swift */ = {isa = PBXFileReference; lastKnownFileType = sourcecode.swift; path = MoodTodayUITests.swift; sourceTree = "<group>"; };
		F97632C3284234AB00AE6854 /* MoodTodayUITestsLaunchTests.swift */ = {isa = PBXFileReference; lastKnownFileType = sourcecode.swift; path = MoodTodayUITestsLaunchTests.swift; sourceTree = "<group>"; };
		F97632E62842378500AE6854 /* AppDIContainer.swift */ = {isa = PBXFileReference; lastKnownFileType = sourcecode.swift; path = AppDIContainer.swift; sourceTree = "<group>"; };
		F998F00A285E065200A1C363 /* LocationConverter.swift */ = {isa = PBXFileReference; lastKnownFileType = sourcecode.swift; path = LocationConverter.swift; sourceTree = "<group>"; };
		F998F00C285E20BF00A1C363 /* TodayParticularMatterRepository.swift */ = {isa = PBXFileReference; lastKnownFileType = sourcecode.swift; path = TodayParticularMatterRepository.swift; sourceTree = "<group>"; };
		F998F00E285E20DE00A1C363 /* TodayParticularMatterRepositoryInterface.swift */ = {isa = PBXFileReference; lastKnownFileType = sourcecode.swift; path = TodayParticularMatterRepositoryInterface.swift; sourceTree = "<group>"; };
		F998F010285E210400A1C363 /* ParticularMatterAPI.swift */ = {isa = PBXFileReference; lastKnownFileType = sourcecode.swift; path = ParticularMatterAPI.swift; sourceTree = "<group>"; };
		F998F012285E249800A1C363 /* FetchTodayPMUseCase.swift */ = {isa = PBXFileReference; lastKnownFileType = sourcecode.swift; path = FetchTodayPMUseCase.swift; sourceTree = "<group>"; };
		F998F014285E5FB400A1C363 /* ParticularMatterResponseDTO.swift */ = {isa = PBXFileReference; lastKnownFileType = sourcecode.swift; path = ParticularMatterResponseDTO.swift; sourceTree = "<group>"; };
		F998F016285E60DE00A1C363 /* TodayParticularMatterEntity.swift */ = {isa = PBXFileReference; lastKnownFileType = sourcecode.swift; path = TodayParticularMatterEntity.swift; sourceTree = "<group>"; };
		F99A4E9F285F2753008F6979 /* NIXGONFONTS B 2.0.ttf */ = {isa = PBXFileReference; lastKnownFileType = file; path = "NIXGONFONTS B 2.0.ttf"; sourceTree = "<group>"; };
		F99A4EA0285F2753008F6979 /* NIXGONFONTS M 2.0.ttf */ = {isa = PBXFileReference; lastKnownFileType = file; path = "NIXGONFONTS M 2.0.ttf"; sourceTree = "<group>"; };
		F99A4EA1285F2753008F6979 /* NIXGONFONTS L 2.0.ttf */ = {isa = PBXFileReference; lastKnownFileType = file; path = "NIXGONFONTS L 2.0.ttf"; sourceTree = "<group>"; };
		F9E4A9BD285890C6002363DB /* AgreementViewController.swift */ = {isa = PBXFileReference; lastKnownFileType = sourcecode.swift; path = AgreementViewController.swift; sourceTree = "<group>"; };
		F9E4A9BF285890CD002363DB /* AgreementView.swift */ = {isa = PBXFileReference; lastKnownFileType = sourcecode.swift; path = AgreementView.swift; sourceTree = "<group>"; };
		F9E4A9C12858910C002363DB /* LocationManager.swift */ = {isa = PBXFileReference; lastKnownFileType = sourcecode.swift; path = LocationManager.swift; sourceTree = "<group>"; };
		F9E4A9C328589683002363DB /* AgreementViewModel.swift */ = {isa = PBXFileReference; lastKnownFileType = sourcecode.swift; path = AgreementViewModel.swift; sourceTree = "<group>"; };
		F9E4A9C5285898A3002363DB /* UpdateUserLocationUseCase.swift */ = {isa = PBXFileReference; lastKnownFileType = sourcecode.swift; path = UpdateUserLocationUseCase.swift; sourceTree = "<group>"; };
		F9E4A9C728589975002363DB /* UserLocationRepositoryInterface.swift */ = {isa = PBXFileReference; lastKnownFileType = sourcecode.swift; path = UserLocationRepositoryInterface.swift; sourceTree = "<group>"; };
		F9E4A9C92858999A002363DB /* UserLocationRepository.swift */ = {isa = PBXFileReference; lastKnownFileType = sourcecode.swift; path = UserLocationRepository.swift; sourceTree = "<group>"; };
/* End PBXFileReference section */

/* Begin PBXFrameworksBuildPhase section */
		F976329A284234AA00AE6854 /* Frameworks */ = {
			isa = PBXFrameworksBuildPhase;
			buildActionMask = 2147483647;
			files = (
				F97632DD284236BD00AE6854 /* Then in Frameworks */,
				F97632DA2842369F00AE6854 /* Kingfisher in Frameworks */,
				F96666D4284CF17000E5DF64 /* Moya in Frameworks */,
				F97632D72842367200AE6854 /* Alamofire in Frameworks */,
				F97632E0284236FD00AE6854 /* SnapKit in Frameworks */,
				F96667162855C38700E5DF64 /* Charts in Frameworks */,
				F96666D1284CF16000E5DF64 /* SwiftDate in Frameworks */,
				F96666D6284CF17000E5DF64 /* RxMoya in Frameworks */,
				F97632D42842357A00AE6854 /* RxSwift in Frameworks */,
				F97632D22842357A00AE6854 /* RxCocoa in Frameworks */,
			);
			runOnlyForDeploymentPostprocessing = 0;
		};
		F97632B0284234AB00AE6854 /* Frameworks */ = {
			isa = PBXFrameworksBuildPhase;
			buildActionMask = 2147483647;
			files = (
			);
			runOnlyForDeploymentPostprocessing = 0;
		};
		F97632BA284234AB00AE6854 /* Frameworks */ = {
			isa = PBXFrameworksBuildPhase;
			buildActionMask = 2147483647;
			files = (
			);
			runOnlyForDeploymentPostprocessing = 0;
		};
/* End PBXFrameworksBuildPhase section */

/* Begin PBXGroup section */
		F96666BD284CF0F300E5DF64 /* Supporting Files */ = {
			isa = PBXGroup;
			children = (
				F99A4E9E285F2744008F6979 /* Fonts */,
				F96667192855CF2400E5DF64 /* Utils */,
				F96666BE284CF0F300E5DF64 /* BaseViewController.swift */,
				F96666C0284CF0F300E5DF64 /* Assets.xcassets */,
				F96666C1284CF0F300E5DF64 /* LaunchScreen.storyboard */,
				F96666C3284CF0F300E5DF64 /* Main.storyboard */,
				F96666C5284CF0F300E5DF64 /* UIPreView.swift */,
				F96666C6284CF0F300E5DF64 /* AppDelegate.swift */,
			);
			path = "Supporting Files";
			sourceTree = "<group>";
		};
		F96666D7284CF1A000E5DF64 /* Domain Layer */ = {
			isa = PBXGroup;
			children = (
				F96666ED284D260F00E5DF64 /* Repositories */,
				F96666DA284CF1AD00E5DF64 /* UseCase */,
				F96666D9284CF1AA00E5DF64 /* Entities */,
			);
			path = "Domain Layer";
			sourceTree = "<group>";
		};
		F96666D8284CF1A500E5DF64 /* Data Layer */ = {
			isa = PBXGroup;
			children = (
				F96666EE284D261A00E5DF64 /* Repository */,
				F96666DF284CF2AE00E5DF64 /* DTO */,
				F96666DB284CF1B300E5DF64 /* Networking */,
			);
			path = "Data Layer";
			sourceTree = "<group>";
		};
		F96666D9284CF1AA00E5DF64 /* Entities */ = {
			isa = PBXGroup;
			children = (
				F96666E3284CF2E800E5DF64 /* TodayWeatherEntity.swift */,
				F998F016285E60DE00A1C363 /* TodayParticularMatterEntity.swift */,
			);
			path = Entities;
			sourceTree = "<group>";
		};
		F96666DA284CF1AD00E5DF64 /* UseCase */ = {
			isa = PBXGroup;
			children = (
				F96666EF284D263A00E5DF64 /* FetchTodayWeatherUseCase.swift */,
				F9E4A9C5285898A3002363DB /* UpdateUserLocationUseCase.swift */,
				F998F012285E249800A1C363 /* FetchTodayPMUseCase.swift */,
			);
			path = UseCase;
			sourceTree = "<group>";
		};
		F96666DB284CF1B300E5DF64 /* Networking */ = {
			isa = PBXGroup;
			children = (
				F96666F5284D27B800E5DF64 /* APIs */,
			);
			path = Networking;
			sourceTree = "<group>";
		};
		F96666DF284CF2AE00E5DF64 /* DTO */ = {
			isa = PBXGroup;
			children = (
				F96666E1284CF2C800E5DF64 /* WeatherResponseDTO.swift */,
				F998F014285E5FB400A1C363 /* ParticularMatterResponseDTO.swift */,
			);
			path = DTO;
			sourceTree = "<group>";
		};
		F96666E9284D24CA00E5DF64 /* View */ = {
			isa = PBXGroup;
			children = (
				F9E4A9BC285890A5002363DB /* AgreementView */,
				F966670B2855BF8E00E5DF64 /* TodayWeatherGraphView */,
				F966670A2855BF8400E5DF64 /* TodayWeatherView */,
				F96667092855BF6B00E5DF64 /* TodayWeatherContainer */,
			);
			path = View;
			sourceTree = "<group>";
		};
		F96666EA284D24CE00E5DF64 /* ViewModel */ = {
			isa = PBXGroup;
			children = (
				F96666E5284CF3A900E5DF64 /* TodayWeatherViewModel.swift */,
				F9E4A9C328589683002363DB /* AgreementViewModel.swift */,
			);
			path = ViewModel;
			sourceTree = "<group>";
		};
		F96666ED284D260F00E5DF64 /* Repositories */ = {
			isa = PBXGroup;
			children = (
				F96666F1284D267600E5DF64 /* TodayWeatherRepositoryInterface.swift */,
				F9E4A9C728589975002363DB /* UserLocationRepositoryInterface.swift */,
				F998F00E285E20DE00A1C363 /* TodayParticularMatterRepositoryInterface.swift */,
			);
			path = Repositories;
			sourceTree = "<group>";
		};
		F96666EE284D261A00E5DF64 /* Repository */ = {
			isa = PBXGroup;
			children = (
				F96666F3284D268600E5DF64 /* TodayWeatherRepository.swift */,
				F9E4A9C92858999A002363DB /* UserLocationRepository.swift */,
				F998F00C285E20BF00A1C363 /* TodayParticularMatterRepository.swift */,
			);
			path = Repository;
			sourceTree = "<group>";
		};
		F96666F5284D27B800E5DF64 /* APIs */ = {
			isa = PBXGroup;
			children = (
				F96666F6284D27C500E5DF64 /* WeatherAPI.swift */,
				F998F010285E210400A1C363 /* ParticularMatterAPI.swift */,
			);
			path = APIs;
			sourceTree = "<group>";
		};
		F96667092855BF6B00E5DF64 /* TodayWeatherContainer */ = {
			isa = PBXGroup;
			children = (
				F966670C2855BFAA00E5DF64 /* TodayWeatherContainerViewController.swift */,
				F966670E2855BFB800E5DF64 /* TodayWeatherContainerView.swift */,
				F96667172855CE9000E5DF64 /* TodayWeatherSegmentView.swift */,
			);
			path = TodayWeatherContainer;
			sourceTree = "<group>";
		};
		F966670A2855BF8400E5DF64 /* TodayWeatherView */ = {
			isa = PBXGroup;
			children = (
				F96666DD284CF27E00E5DF64 /* TodayWeatherSummaryViewController.swift */,
				F96666F8284D33CB00E5DF64 /* TodayWeatherSummaryView.swift */,
				F966670628530B1400E5DF64 /* TodayWeatherStackItemView.swift */,
				F966671C2855F8FF00E5DF64 /* ParticulateMatterView.swift */,
				F966671E2855FC6600E5DF64 /* ParticulateMatterCircleView.swift */,
				F966672328573EF300E5DF64 /* ParticulateMatterStackView.swift */,
			);
			path = TodayWeatherView;
			sourceTree = "<group>";
		};
		F966670B2855BF8E00E5DF64 /* TodayWeatherGraphView */ = {
			isa = PBXGroup;
			children = (
				F96667102855C1BE00E5DF64 /* TodayWeatherGraphViewController.swift */,
				F96667122855C1C600E5DF64 /* TodayWeahterGraphView.swift */,
			);
			path = TodayWeatherGraphView;
			sourceTree = "<group>";
		};
		F96667192855CF2400E5DF64 /* Utils */ = {
			isa = PBXGroup;
			children = (
				F96667202857372B00E5DF64 /* Extensions */,
				F966671A2855CF2B00E5DF64 /* gConstant.swift */,
				F998F00A285E065200A1C363 /* LocationConverter.swift */,
				F9E4A9C12858910C002363DB /* LocationManager.swift */,
			);
			path = Utils;
			sourceTree = "<group>";
		};
		F96667202857372B00E5DF64 /* Extensions */ = {
			isa = PBXGroup;
			children = (
				F96667212857373B00E5DF64 /* CLLocationManager+Rx.swift */,
			);
			path = Extensions;
			sourceTree = "<group>";
		};
		F9763294284234AA00AE6854 = {
			isa = PBXGroup;
			children = (
				F96666BF284CF0F300E5DF64 /* .swiftlint.yml */,
				F976329F284234AA00AE6854 /* MoodToday */,
				F97632B6284234AB00AE6854 /* MoodTodayTests */,
				F97632C0284234AB00AE6854 /* MoodTodayUITests */,
				F976329E284234AA00AE6854 /* Products */,
			);
			sourceTree = "<group>";
		};
		F976329E284234AA00AE6854 /* Products */ = {
			isa = PBXGroup;
			children = (
				F976329D284234AA00AE6854 /* MoodToday.app */,
				F97632B3284234AB00AE6854 /* MoodTodayTests.xctest */,
				F97632BD284234AB00AE6854 /* MoodTodayUITests.xctest */,
			);
			name = Products;
			sourceTree = "<group>";
		};
		F976329F284234AA00AE6854 /* MoodToday */ = {
			isa = PBXGroup;
			children = (
				F97632E22842376000AE6854 /* Application Layer */,
				F97632E52842377100AE6854 /* Presentation Layer */,
				F96666D8284CF1A500E5DF64 /* Data Layer */,
				F96666D7284CF1A000E5DF64 /* Domain Layer */,
				F96666BD284CF0F300E5DF64 /* Supporting Files */,
				F97632AE284234AB00AE6854 /* Info.plist */,
			);
			path = MoodToday;
			sourceTree = "<group>";
		};
		F97632B6284234AB00AE6854 /* MoodTodayTests */ = {
			isa = PBXGroup;
			children = (
				F97632B7284234AB00AE6854 /* MoodTodayTests.swift */,
			);
			path = MoodTodayTests;
			sourceTree = "<group>";
		};
		F97632C0284234AB00AE6854 /* MoodTodayUITests */ = {
			isa = PBXGroup;
			children = (
				F97632C1284234AB00AE6854 /* MoodTodayUITests.swift */,
				F97632C3284234AB00AE6854 /* MoodTodayUITestsLaunchTests.swift */,
			);
			path = MoodTodayUITests;
			sourceTree = "<group>";
		};
		F97632E22842376000AE6854 /* Application Layer */ = {
			isa = PBXGroup;
			children = (
				F97632E62842378500AE6854 /* AppDIContainer.swift */,
			);
			path = "Application Layer";
			sourceTree = "<group>";
		};
		F97632E52842377100AE6854 /* Presentation Layer */ = {
			isa = PBXGroup;
			children = (
				F96666EA284D24CE00E5DF64 /* ViewModel */,
				F96666E9284D24CA00E5DF64 /* View */,
			);
			path = "Presentation Layer";
			sourceTree = "<group>";
		};
		F99A4E9E285F2744008F6979 /* Fonts */ = {
			isa = PBXGroup;
			children = (
				F99A4E9F285F2753008F6979 /* NIXGONFONTS B 2.0.ttf */,
				F99A4EA1285F2753008F6979 /* NIXGONFONTS L 2.0.ttf */,
				F99A4EA0285F2753008F6979 /* NIXGONFONTS M 2.0.ttf */,
			);
			path = Fonts;
			sourceTree = "<group>";
		};
		F9E4A9BC285890A5002363DB /* AgreementView */ = {
			isa = PBXGroup;
			children = (
				F9E4A9BD285890C6002363DB /* AgreementViewController.swift */,
				F9E4A9BF285890CD002363DB /* AgreementView.swift */,
			);
			path = AgreementView;
			sourceTree = "<group>";
		};
/* End PBXGroup section */

/* Begin PBXNativeTarget section */
		F976329C284234AA00AE6854 /* MoodToday */ = {
			isa = PBXNativeTarget;
			buildConfigurationList = F97632C7284234AB00AE6854 /* Build configuration list for PBXNativeTarget "MoodToday" */;
			buildPhases = (
				F96666DC284CF22900E5DF64 /* SwfitLint Script */,
				F9763299284234AA00AE6854 /* Sources */,
				F976329A284234AA00AE6854 /* Frameworks */,
				F976329B284234AA00AE6854 /* Resources */,
			);
			buildRules = (
			);
			dependencies = (
			);
			name = MoodToday;
			packageProductDependencies = (
				F97632D12842357A00AE6854 /* RxCocoa */,
				F97632D32842357A00AE6854 /* RxSwift */,
				F97632D62842367200AE6854 /* Alamofire */,
				F97632D92842369F00AE6854 /* Kingfisher */,
				F97632DC284236BD00AE6854 /* Then */,
				F97632DF284236FD00AE6854 /* SnapKit */,
				F96666D0284CF16000E5DF64 /* SwiftDate */,
				F96666D3284CF17000E5DF64 /* Moya */,
				F96666D5284CF17000E5DF64 /* RxMoya */,
				F96667152855C38700E5DF64 /* Charts */,
			);
			productName = MoodToday;
			productReference = F976329D284234AA00AE6854 /* MoodToday.app */;
			productType = "com.apple.product-type.application";
		};
		F97632B2284234AB00AE6854 /* MoodTodayTests */ = {
			isa = PBXNativeTarget;
			buildConfigurationList = F97632CA284234AB00AE6854 /* Build configuration list for PBXNativeTarget "MoodTodayTests" */;
			buildPhases = (
				F97632AF284234AB00AE6854 /* Sources */,
				F97632B0284234AB00AE6854 /* Frameworks */,
				F97632B1284234AB00AE6854 /* Resources */,
			);
			buildRules = (
			);
			dependencies = (
				F97632B5284234AB00AE6854 /* PBXTargetDependency */,
			);
			name = MoodTodayTests;
			productName = MoodTodayTests;
			productReference = F97632B3284234AB00AE6854 /* MoodTodayTests.xctest */;
			productType = "com.apple.product-type.bundle.unit-test";
		};
		F97632BC284234AB00AE6854 /* MoodTodayUITests */ = {
			isa = PBXNativeTarget;
			buildConfigurationList = F97632CD284234AB00AE6854 /* Build configuration list for PBXNativeTarget "MoodTodayUITests" */;
			buildPhases = (
				F97632B9284234AB00AE6854 /* Sources */,
				F97632BA284234AB00AE6854 /* Frameworks */,
				F97632BB284234AB00AE6854 /* Resources */,
			);
			buildRules = (
			);
			dependencies = (
				F97632BF284234AB00AE6854 /* PBXTargetDependency */,
			);
			name = MoodTodayUITests;
			productName = MoodTodayUITests;
			productReference = F97632BD284234AB00AE6854 /* MoodTodayUITests.xctest */;
			productType = "com.apple.product-type.bundle.ui-testing";
		};
/* End PBXNativeTarget section */

/* Begin PBXProject section */
		F9763295284234AA00AE6854 /* Project object */ = {
			isa = PBXProject;
			attributes = {
				BuildIndependentTargetsInParallel = 1;
				LastSwiftUpdateCheck = 1330;
				LastUpgradeCheck = 1330;
				TargetAttributes = {
					F976329C284234AA00AE6854 = {
						CreatedOnToolsVersion = 13.3.1;
					};
					F97632B2284234AB00AE6854 = {
						CreatedOnToolsVersion = 13.3.1;
						TestTargetID = F976329C284234AA00AE6854;
					};
					F97632BC284234AB00AE6854 = {
						CreatedOnToolsVersion = 13.3.1;
						TestTargetID = F976329C284234AA00AE6854;
					};
				};
			};
			buildConfigurationList = F9763298284234AA00AE6854 /* Build configuration list for PBXProject "MoodToday" */;
			compatibilityVersion = "Xcode 13.0";
			developmentRegion = en;
			hasScannedForEncodings = 0;
			knownRegions = (
				en,
				Base,
			);
			mainGroup = F9763294284234AA00AE6854;
			packageReferences = (
				F97632D02842357A00AE6854 /* XCRemoteSwiftPackageReference "RxSwift" */,
				F97632D52842367200AE6854 /* XCRemoteSwiftPackageReference "Alamofire" */,
				F97632D82842369F00AE6854 /* XCRemoteSwiftPackageReference "Kingfisher" */,
				F97632DB284236BD00AE6854 /* XCRemoteSwiftPackageReference "Then" */,
				F97632DE284236FD00AE6854 /* XCRemoteSwiftPackageReference "SnapKit" */,
				F96666CF284CF16000E5DF64 /* XCRemoteSwiftPackageReference "SwiftDate" */,
				F96666D2284CF17000E5DF64 /* XCRemoteSwiftPackageReference "Moya" */,
				F96667142855C38700E5DF64 /* XCRemoteSwiftPackageReference "Charts" */,
			);
			productRefGroup = F976329E284234AA00AE6854 /* Products */;
			projectDirPath = "";
			projectRoot = "";
			targets = (
				F976329C284234AA00AE6854 /* MoodToday */,
				F97632B2284234AB00AE6854 /* MoodTodayTests */,
				F97632BC284234AB00AE6854 /* MoodTodayUITests */,
			);
		};
/* End PBXProject section */

/* Begin PBXResourcesBuildPhase section */
		F976329B284234AA00AE6854 /* Resources */ = {
			isa = PBXResourcesBuildPhase;
			buildActionMask = 2147483647;
			files = (
				F96666CB284CF0F300E5DF64 /* Main.storyboard in Resources */,
				F99A4EA3285F2753008F6979 /* NIXGONFONTS M 2.0.ttf in Resources */,
				F96666C8284CF0F300E5DF64 /* .swiftlint.yml in Resources */,
				F99A4EA4285F2753008F6979 /* NIXGONFONTS L 2.0.ttf in Resources */,
				F96666CA284CF0F300E5DF64 /* LaunchScreen.storyboard in Resources */,
				F96666C9284CF0F300E5DF64 /* Assets.xcassets in Resources */,
				F99A4EA2285F2753008F6979 /* NIXGONFONTS B 2.0.ttf in Resources */,
			);
			runOnlyForDeploymentPostprocessing = 0;
		};
		F97632B1284234AB00AE6854 /* Resources */ = {
			isa = PBXResourcesBuildPhase;
			buildActionMask = 2147483647;
			files = (
			);
			runOnlyForDeploymentPostprocessing = 0;
		};
		F97632BB284234AB00AE6854 /* Resources */ = {
			isa = PBXResourcesBuildPhase;
			buildActionMask = 2147483647;
			files = (
			);
			runOnlyForDeploymentPostprocessing = 0;
		};
/* End PBXResourcesBuildPhase section */

/* Begin PBXShellScriptBuildPhase section */
		F96666DC284CF22900E5DF64 /* SwfitLint Script */ = {
			isa = PBXShellScriptBuildPhase;
			buildActionMask = 2147483647;
			files = (
			);
			inputFileListPaths = (
			);
			inputPaths = (
			);
			name = "SwfitLint Script";
			outputFileListPaths = (
			);
			outputPaths = (
			);
			runOnlyForDeploymentPostprocessing = 0;
			shellPath = /bin/sh;
			shellScript = "if which swiftlint >/dev/null; then\n  swiftlint\nelse\n  echo \"warning: SwiftLint not installed, download from https://github.com/realm/SwiftLint\"\nfi\n";
		};
/* End PBXShellScriptBuildPhase section */

/* Begin PBXSourcesBuildPhase section */
		F9763299284234AA00AE6854 /* Sources */ = {
			isa = PBXSourcesBuildPhase;
			buildActionMask = 2147483647;
			files = (
				F96667112855C1BE00E5DF64 /* TodayWeatherGraphViewController.swift in Sources */,
				F96666F0284D263A00E5DF64 /* FetchTodayWeatherUseCase.swift in Sources */,
				F9E4A9BE285890C6002363DB /* AgreementViewController.swift in Sources */,
				F998F00B285E065200A1C363 /* LocationConverter.swift in Sources */,
				F96666E4284CF2E800E5DF64 /* TodayWeatherEntity.swift in Sources */,
				F998F013285E249800A1C363 /* FetchTodayPMUseCase.swift in Sources */,
				F96667182855CE9000E5DF64 /* TodayWeatherSegmentView.swift in Sources */,
				F96666DE284CF27E00E5DF64 /* TodayWeatherSummaryViewController.swift in Sources */,
				F96666CD284CF0F300E5DF64 /* AppDelegate.swift in Sources */,
				F998F00D285E20BF00A1C363 /* TodayParticularMatterRepository.swift in Sources */,
				F96666F4284D268600E5DF64 /* TodayWeatherRepository.swift in Sources */,
				F96666F9284D33CB00E5DF64 /* TodayWeatherSummaryView.swift in Sources */,
				F998F00F285E20DE00A1C363 /* TodayParticularMatterRepositoryInterface.swift in Sources */,
				F9E4A9CA2858999A002363DB /* UserLocationRepository.swift in Sources */,
				F96666F2284D267600E5DF64 /* TodayWeatherRepositoryInterface.swift in Sources */,
				F96666E6284CF3A900E5DF64 /* TodayWeatherViewModel.swift in Sources */,
				F998F011285E210400A1C363 /* ParticularMatterAPI.swift in Sources */,
				F9E4A9C6285898A3002363DB /* UpdateUserLocationUseCase.swift in Sources */,
				F998F015285E5FB400A1C363 /* ParticularMatterResponseDTO.swift in Sources */,
				F96666CC284CF0F300E5DF64 /* UIPreView.swift in Sources */,
				F998F017285E60DE00A1C363 /* TodayParticularMatterEntity.swift in Sources */,
				F96667132855C1C600E5DF64 /* TodayWeahterGraphView.swift in Sources */,
				F966670F2855BFB800E5DF64 /* TodayWeatherContainerView.swift in Sources */,
				F96666E2284CF2C800E5DF64 /* WeatherResponseDTO.swift in Sources */,
				F966671F2855FC6600E5DF64 /* ParticulateMatterCircleView.swift in Sources */,
				F966672428573EF300E5DF64 /* ParticulateMatterStackView.swift in Sources */,
				F9E4A9C0285890CD002363DB /* AgreementView.swift in Sources */,
				F9E4A9C828589975002363DB /* UserLocationRepositoryInterface.swift in Sources */,
				F966671D2855F8FF00E5DF64 /* ParticulateMatterView.swift in Sources */,
				F96667222857373B00E5DF64 /* CLLocationManager+Rx.swift in Sources */,
				F96666F7284D27C500E5DF64 /* WeatherAPI.swift in Sources */,
				F966671B2855CF2B00E5DF64 /* gConstant.swift in Sources */,
				F96666C7284CF0F300E5DF64 /* BaseViewController.swift in Sources */,
				F97632E72842378500AE6854 /* AppDIContainer.swift in Sources */,
				F966670728530B1400E5DF64 /* TodayWeatherStackItemView.swift in Sources */,
				F966670D2855BFAA00E5DF64 /* TodayWeatherContainerViewController.swift in Sources */,
				F9E4A9C22858910C002363DB /* LocationManager.swift in Sources */,
				F9E4A9C428589683002363DB /* AgreementViewModel.swift in Sources */,
			);
			runOnlyForDeploymentPostprocessing = 0;
		};
		F97632AF284234AB00AE6854 /* Sources */ = {
			isa = PBXSourcesBuildPhase;
			buildActionMask = 2147483647;
			files = (
				F97632B8284234AB00AE6854 /* MoodTodayTests.swift in Sources */,
			);
			runOnlyForDeploymentPostprocessing = 0;
		};
		F97632B9284234AB00AE6854 /* Sources */ = {
			isa = PBXSourcesBuildPhase;
			buildActionMask = 2147483647;
			files = (
				F97632C2284234AB00AE6854 /* MoodTodayUITests.swift in Sources */,
				F97632C4284234AB00AE6854 /* MoodTodayUITestsLaunchTests.swift in Sources */,
			);
			runOnlyForDeploymentPostprocessing = 0;
		};
/* End PBXSourcesBuildPhase section */

/* Begin PBXTargetDependency section */
		F97632B5284234AB00AE6854 /* PBXTargetDependency */ = {
			isa = PBXTargetDependency;
			target = F976329C284234AA00AE6854 /* MoodToday */;
			targetProxy = F97632B4284234AB00AE6854 /* PBXContainerItemProxy */;
		};
		F97632BF284234AB00AE6854 /* PBXTargetDependency */ = {
			isa = PBXTargetDependency;
			target = F976329C284234AA00AE6854 /* MoodToday */;
			targetProxy = F97632BE284234AB00AE6854 /* PBXContainerItemProxy */;
		};
/* End PBXTargetDependency section */

/* Begin PBXVariantGroup section */
		F96666C1284CF0F300E5DF64 /* LaunchScreen.storyboard */ = {
			isa = PBXVariantGroup;
			children = (
				F96666C2284CF0F300E5DF64 /* Base */,
			);
			name = LaunchScreen.storyboard;
			sourceTree = "<group>";
		};
		F96666C3284CF0F300E5DF64 /* Main.storyboard */ = {
			isa = PBXVariantGroup;
			children = (
				F96666C4284CF0F300E5DF64 /* Base */,
			);
			name = Main.storyboard;
			sourceTree = "<group>";
		};
/* End PBXVariantGroup section */

/* Begin XCBuildConfiguration section */
		F97632C5284234AB00AE6854 /* Debug */ = {
			isa = XCBuildConfiguration;
			buildSettings = {
				ALWAYS_SEARCH_USER_PATHS = NO;
				CLANG_ANALYZER_NONNULL = YES;
				CLANG_ANALYZER_NUMBER_OBJECT_CONVERSION = YES_AGGRESSIVE;
				CLANG_CXX_LANGUAGE_STANDARD = "gnu++17";
				CLANG_ENABLE_MODULES = YES;
				CLANG_ENABLE_OBJC_ARC = YES;
				CLANG_ENABLE_OBJC_WEAK = YES;
				CLANG_WARN_BLOCK_CAPTURE_AUTORELEASING = YES;
				CLANG_WARN_BOOL_CONVERSION = YES;
				CLANG_WARN_COMMA = YES;
				CLANG_WARN_CONSTANT_CONVERSION = YES;
				CLANG_WARN_DEPRECATED_OBJC_IMPLEMENTATIONS = YES;
				CLANG_WARN_DIRECT_OBJC_ISA_USAGE = YES_ERROR;
				CLANG_WARN_DOCUMENTATION_COMMENTS = YES;
				CLANG_WARN_EMPTY_BODY = YES;
				CLANG_WARN_ENUM_CONVERSION = YES;
				CLANG_WARN_INFINITE_RECURSION = YES;
				CLANG_WARN_INT_CONVERSION = YES;
				CLANG_WARN_NON_LITERAL_NULL_CONVERSION = YES;
				CLANG_WARN_OBJC_IMPLICIT_RETAIN_SELF = YES;
				CLANG_WARN_OBJC_LITERAL_CONVERSION = YES;
				CLANG_WARN_OBJC_ROOT_CLASS = YES_ERROR;
				CLANG_WARN_QUOTED_INCLUDE_IN_FRAMEWORK_HEADER = YES;
				CLANG_WARN_RANGE_LOOP_ANALYSIS = YES;
				CLANG_WARN_STRICT_PROTOTYPES = YES;
				CLANG_WARN_SUSPICIOUS_MOVE = YES;
				CLANG_WARN_UNGUARDED_AVAILABILITY = YES_AGGRESSIVE;
				CLANG_WARN_UNREACHABLE_CODE = YES;
				CLANG_WARN__DUPLICATE_METHOD_MATCH = YES;
				COPY_PHASE_STRIP = NO;
				DEBUG_INFORMATION_FORMAT = dwarf;
				ENABLE_STRICT_OBJC_MSGSEND = YES;
				ENABLE_TESTABILITY = YES;
				GCC_C_LANGUAGE_STANDARD = gnu11;
				GCC_DYNAMIC_NO_PIC = NO;
				GCC_NO_COMMON_BLOCKS = YES;
				GCC_OPTIMIZATION_LEVEL = 0;
				GCC_PREPROCESSOR_DEFINITIONS = (
					"DEBUG=1",
					"$(inherited)",
				);
				GCC_WARN_64_TO_32_BIT_CONVERSION = YES;
				GCC_WARN_ABOUT_RETURN_TYPE = YES_ERROR;
				GCC_WARN_UNDECLARED_SELECTOR = YES;
				GCC_WARN_UNINITIALIZED_AUTOS = YES_AGGRESSIVE;
				GCC_WARN_UNUSED_FUNCTION = YES;
				GCC_WARN_UNUSED_VARIABLE = YES;
				IPHONEOS_DEPLOYMENT_TARGET = 13.0;
				MTL_ENABLE_DEBUG_INFO = INCLUDE_SOURCE;
				MTL_FAST_MATH = YES;
				ONLY_ACTIVE_ARCH = YES;
				SDKROOT = iphoneos;
				SWIFT_ACTIVE_COMPILATION_CONDITIONS = DEBUG;
				SWIFT_INSTALL_OBJC_HEADER = NO;
				SWIFT_OBJC_BRIDGING_HEADER = "";
				SWIFT_OBJC_INTERFACE_HEADER_NAME = "";
				SWIFT_OPTIMIZATION_LEVEL = "-Onone";
				SWIFT_PRECOMPILE_BRIDGING_HEADER = NO;
			};
			name = Debug;
		};
		F97632C6284234AB00AE6854 /* Release */ = {
			isa = XCBuildConfiguration;
			buildSettings = {
				ALWAYS_SEARCH_USER_PATHS = NO;
				CLANG_ANALYZER_NONNULL = YES;
				CLANG_ANALYZER_NUMBER_OBJECT_CONVERSION = YES_AGGRESSIVE;
				CLANG_CXX_LANGUAGE_STANDARD = "gnu++17";
				CLANG_ENABLE_MODULES = YES;
				CLANG_ENABLE_OBJC_ARC = YES;
				CLANG_ENABLE_OBJC_WEAK = YES;
				CLANG_WARN_BLOCK_CAPTURE_AUTORELEASING = YES;
				CLANG_WARN_BOOL_CONVERSION = YES;
				CLANG_WARN_COMMA = YES;
				CLANG_WARN_CONSTANT_CONVERSION = YES;
				CLANG_WARN_DEPRECATED_OBJC_IMPLEMENTATIONS = YES;
				CLANG_WARN_DIRECT_OBJC_ISA_USAGE = YES_ERROR;
				CLANG_WARN_DOCUMENTATION_COMMENTS = YES;
				CLANG_WARN_EMPTY_BODY = YES;
				CLANG_WARN_ENUM_CONVERSION = YES;
				CLANG_WARN_INFINITE_RECURSION = YES;
				CLANG_WARN_INT_CONVERSION = YES;
				CLANG_WARN_NON_LITERAL_NULL_CONVERSION = YES;
				CLANG_WARN_OBJC_IMPLICIT_RETAIN_SELF = YES;
				CLANG_WARN_OBJC_LITERAL_CONVERSION = YES;
				CLANG_WARN_OBJC_ROOT_CLASS = YES_ERROR;
				CLANG_WARN_QUOTED_INCLUDE_IN_FRAMEWORK_HEADER = YES;
				CLANG_WARN_RANGE_LOOP_ANALYSIS = YES;
				CLANG_WARN_STRICT_PROTOTYPES = YES;
				CLANG_WARN_SUSPICIOUS_MOVE = YES;
				CLANG_WARN_UNGUARDED_AVAILABILITY = YES_AGGRESSIVE;
				CLANG_WARN_UNREACHABLE_CODE = YES;
				CLANG_WARN__DUPLICATE_METHOD_MATCH = YES;
				COPY_PHASE_STRIP = NO;
				DEBUG_INFORMATION_FORMAT = "dwarf-with-dsym";
				ENABLE_NS_ASSERTIONS = NO;
				ENABLE_STRICT_OBJC_MSGSEND = YES;
				GCC_C_LANGUAGE_STANDARD = gnu11;
				GCC_NO_COMMON_BLOCKS = YES;
				GCC_WARN_64_TO_32_BIT_CONVERSION = YES;
				GCC_WARN_ABOUT_RETURN_TYPE = YES_ERROR;
				GCC_WARN_UNDECLARED_SELECTOR = YES;
				GCC_WARN_UNINITIALIZED_AUTOS = YES_AGGRESSIVE;
				GCC_WARN_UNUSED_FUNCTION = YES;
				GCC_WARN_UNUSED_VARIABLE = YES;
				IPHONEOS_DEPLOYMENT_TARGET = 13.0;
				MTL_ENABLE_DEBUG_INFO = NO;
				MTL_FAST_MATH = YES;
				SDKROOT = iphoneos;
				SWIFT_COMPILATION_MODE = wholemodule;
				SWIFT_INSTALL_OBJC_HEADER = NO;
				SWIFT_OBJC_BRIDGING_HEADER = "";
				SWIFT_OBJC_INTERFACE_HEADER_NAME = "";
				SWIFT_OPTIMIZATION_LEVEL = "-O";
				SWIFT_PRECOMPILE_BRIDGING_HEADER = NO;
				VALIDATE_PRODUCT = YES;
			};
			name = Release;
		};
		F97632C8284234AB00AE6854 /* Debug */ = {
			isa = XCBuildConfiguration;
			buildSettings = {
				ASSETCATALOG_COMPILER_APPICON_NAME = AppIcon;
				ASSETCATALOG_COMPILER_GLOBAL_ACCENT_COLOR_NAME = AccentColor;
				CODE_SIGN_STYLE = Automatic;
				CURRENT_PROJECT_VERSION = 1;
				DEVELOPMENT_TEAM = NF58AE9U4V;
				GENERATE_INFOPLIST_FILE = YES;
				INFOPLIST_FILE = MoodToday/Info.plist;
				INFOPLIST_KEY_UIApplicationSupportsIndirectInputEvents = YES;
				INFOPLIST_KEY_UILaunchStoryboardName = LaunchScreen;
				INFOPLIST_KEY_UIMainStoryboardFile = Main;
				INFOPLIST_KEY_UISupportedInterfaceOrientations = UIInterfaceOrientationPortrait;
				INFOPLIST_KEY_UISupportedInterfaceOrientations_iPad = "UIInterfaceOrientationPortrait UIInterfaceOrientationPortraitUpsideDown UIInterfaceOrientationLandscapeLeft UIInterfaceOrientationLandscapeRight";
				INFOPLIST_KEY_UISupportedInterfaceOrientations_iPhone = "UIInterfaceOrientationPortrait UIInterfaceOrientationLandscapeLeft UIInterfaceOrientationLandscapeRight";
				IPHONEOS_DEPLOYMENT_TARGET = 13.0;
				LD_RUNPATH_SEARCH_PATHS = (
					"$(inherited)",
					"@executable_path/Frameworks",
				);
				MARKETING_VERSION = 1.0;
				PRODUCT_BUNDLE_IDENTIFIER = Cent.MoodToday;
				PRODUCT_NAME = "$(TARGET_NAME)";
				SWIFT_EMIT_LOC_STRINGS = YES;
				SWIFT_OBJC_BRIDGING_HEADER = "";
				SWIFT_PRECOMPILE_BRIDGING_HEADER = NO;
				SWIFT_VERSION = 5.0;
				TARGETED_DEVICE_FAMILY = "1,2";
			};
			name = Debug;
		};
		F97632C9284234AB00AE6854 /* Release */ = {
			isa = XCBuildConfiguration;
			buildSettings = {
				ASSETCATALOG_COMPILER_APPICON_NAME = AppIcon;
				ASSETCATALOG_COMPILER_GLOBAL_ACCENT_COLOR_NAME = AccentColor;
				CODE_SIGN_STYLE = Automatic;
				CURRENT_PROJECT_VERSION = 1;
				DEVELOPMENT_TEAM = NF58AE9U4V;
				GENERATE_INFOPLIST_FILE = YES;
				INFOPLIST_FILE = MoodToday/Info.plist;
				INFOPLIST_KEY_UIApplicationSupportsIndirectInputEvents = YES;
				INFOPLIST_KEY_UILaunchStoryboardName = LaunchScreen;
				INFOPLIST_KEY_UIMainStoryboardFile = Main;
				INFOPLIST_KEY_UISupportedInterfaceOrientations = UIInterfaceOrientationPortrait;
				INFOPLIST_KEY_UISupportedInterfaceOrientations_iPad = "UIInterfaceOrientationPortrait UIInterfaceOrientationPortraitUpsideDown UIInterfaceOrientationLandscapeLeft UIInterfaceOrientationLandscapeRight";
				INFOPLIST_KEY_UISupportedInterfaceOrientations_iPhone = "UIInterfaceOrientationPortrait UIInterfaceOrientationLandscapeLeft UIInterfaceOrientationLandscapeRight";
				IPHONEOS_DEPLOYMENT_TARGET = 13.0;
				LD_RUNPATH_SEARCH_PATHS = (
					"$(inherited)",
					"@executable_path/Frameworks",
				);
				MARKETING_VERSION = 1.0;
				PRODUCT_BUNDLE_IDENTIFIER = Cent.MoodToday;
				PRODUCT_NAME = "$(TARGET_NAME)";
				SWIFT_EMIT_LOC_STRINGS = YES;
				SWIFT_OBJC_BRIDGING_HEADER = "";
				SWIFT_PRECOMPILE_BRIDGING_HEADER = NO;
				SWIFT_VERSION = 5.0;
				TARGETED_DEVICE_FAMILY = "1,2";
			};
			name = Release;
		};
		F97632CB284234AB00AE6854 /* Debug */ = {
			isa = XCBuildConfiguration;
			buildSettings = {
				ALWAYS_EMBED_SWIFT_STANDARD_LIBRARIES = YES;
				BUNDLE_LOADER = "$(TEST_HOST)";
				CODE_SIGN_STYLE = Automatic;
				CURRENT_PROJECT_VERSION = 1;
				DEVELOPMENT_TEAM = NF58AE9U4V;
				GENERATE_INFOPLIST_FILE = YES;
				IPHONEOS_DEPLOYMENT_TARGET = 15.4;
				MARKETING_VERSION = 1.0;
				PRODUCT_BUNDLE_IDENTIFIER = Cent.MoodTodayTests;
				PRODUCT_NAME = "$(TARGET_NAME)";
				SWIFT_EMIT_LOC_STRINGS = NO;
				SWIFT_VERSION = 5.0;
				TARGETED_DEVICE_FAMILY = "1,2";
				TEST_HOST = "$(BUILT_PRODUCTS_DIR)/MoodToday.app/MoodToday";
			};
			name = Debug;
		};
		F97632CC284234AB00AE6854 /* Release */ = {
			isa = XCBuildConfiguration;
			buildSettings = {
				ALWAYS_EMBED_SWIFT_STANDARD_LIBRARIES = YES;
				BUNDLE_LOADER = "$(TEST_HOST)";
				CODE_SIGN_STYLE = Automatic;
				CURRENT_PROJECT_VERSION = 1;
				DEVELOPMENT_TEAM = NF58AE9U4V;
				GENERATE_INFOPLIST_FILE = YES;
				IPHONEOS_DEPLOYMENT_TARGET = 15.4;
				MARKETING_VERSION = 1.0;
				PRODUCT_BUNDLE_IDENTIFIER = Cent.MoodTodayTests;
				PRODUCT_NAME = "$(TARGET_NAME)";
				SWIFT_EMIT_LOC_STRINGS = NO;
				SWIFT_VERSION = 5.0;
				TARGETED_DEVICE_FAMILY = "1,2";
				TEST_HOST = "$(BUILT_PRODUCTS_DIR)/MoodToday.app/MoodToday";
			};
			name = Release;
		};
		F97632CE284234AB00AE6854 /* Debug */ = {
			isa = XCBuildConfiguration;
			buildSettings = {
				ALWAYS_EMBED_SWIFT_STANDARD_LIBRARIES = YES;
				CODE_SIGN_STYLE = Automatic;
				CURRENT_PROJECT_VERSION = 1;
				DEVELOPMENT_TEAM = NF58AE9U4V;
				GENERATE_INFOPLIST_FILE = YES;
				MARKETING_VERSION = 1.0;
				PRODUCT_BUNDLE_IDENTIFIER = Cent.MoodTodayUITests;
				PRODUCT_NAME = "$(TARGET_NAME)";
				SWIFT_EMIT_LOC_STRINGS = NO;
				SWIFT_VERSION = 5.0;
				TARGETED_DEVICE_FAMILY = "1,2";
				TEST_TARGET_NAME = MoodToday;
			};
			name = Debug;
		};
		F97632CF284234AB00AE6854 /* Release */ = {
			isa = XCBuildConfiguration;
			buildSettings = {
				ALWAYS_EMBED_SWIFT_STANDARD_LIBRARIES = YES;
				CODE_SIGN_STYLE = Automatic;
				CURRENT_PROJECT_VERSION = 1;
				DEVELOPMENT_TEAM = NF58AE9U4V;
				GENERATE_INFOPLIST_FILE = YES;
				MARKETING_VERSION = 1.0;
				PRODUCT_BUNDLE_IDENTIFIER = Cent.MoodTodayUITests;
				PRODUCT_NAME = "$(TARGET_NAME)";
				SWIFT_EMIT_LOC_STRINGS = NO;
				SWIFT_VERSION = 5.0;
				TARGETED_DEVICE_FAMILY = "1,2";
				TEST_TARGET_NAME = MoodToday;
			};
			name = Release;
		};
/* End XCBuildConfiguration section */

/* Begin XCConfigurationList section */
		F9763298284234AA00AE6854 /* Build configuration list for PBXProject "MoodToday" */ = {
			isa = XCConfigurationList;
			buildConfigurations = (
				F97632C5284234AB00AE6854 /* Debug */,
				F97632C6284234AB00AE6854 /* Release */,
			);
			defaultConfigurationIsVisible = 0;
			defaultConfigurationName = Release;
		};
		F97632C7284234AB00AE6854 /* Build configuration list for PBXNativeTarget "MoodToday" */ = {
			isa = XCConfigurationList;
			buildConfigurations = (
				F97632C8284234AB00AE6854 /* Debug */,
				F97632C9284234AB00AE6854 /* Release */,
			);
			defaultConfigurationIsVisible = 0;
			defaultConfigurationName = Release;
		};
		F97632CA284234AB00AE6854 /* Build configuration list for PBXNativeTarget "MoodTodayTests" */ = {
			isa = XCConfigurationList;
			buildConfigurations = (
				F97632CB284234AB00AE6854 /* Debug */,
				F97632CC284234AB00AE6854 /* Release */,
			);
			defaultConfigurationIsVisible = 0;
			defaultConfigurationName = Release;
		};
		F97632CD284234AB00AE6854 /* Build configuration list for PBXNativeTarget "MoodTodayUITests" */ = {
			isa = XCConfigurationList;
			buildConfigurations = (
				F97632CE284234AB00AE6854 /* Debug */,
				F97632CF284234AB00AE6854 /* Release */,
			);
			defaultConfigurationIsVisible = 0;
			defaultConfigurationName = Release;
		};
/* End XCConfigurationList section */

/* Begin XCRemoteSwiftPackageReference section */
		F96666CF284CF16000E5DF64 /* XCRemoteSwiftPackageReference "SwiftDate" */ = {
			isa = XCRemoteSwiftPackageReference;
			repositoryURL = "https://github.com/malcommac/SwiftDate.git";
			requirement = {
				kind = upToNextMajorVersion;
				minimumVersion = 5.0.0;
			};
		};
		F96666D2284CF17000E5DF64 /* XCRemoteSwiftPackageReference "Moya" */ = {
			isa = XCRemoteSwiftPackageReference;
			repositoryURL = "https://github.com/Moya/Moya.git";
			requirement = {
				kind = upToNextMajorVersion;
				minimumVersion = 15.0.0;
			};
		};
		F96667142855C38700E5DF64 /* XCRemoteSwiftPackageReference "Charts" */ = {
			isa = XCRemoteSwiftPackageReference;
			repositoryURL = "https://github.com/danielgindi/Charts.git";
			requirement = {
				kind = upToNextMajorVersion;
				minimumVersion = 4.0.0;
			};
		};
		F97632D02842357A00AE6854 /* XCRemoteSwiftPackageReference "RxSwift" */ = {
			isa = XCRemoteSwiftPackageReference;
			repositoryURL = "https://github.com/ReactiveX/RxSwift.git";
			requirement = {
				kind = exactVersion;
				version = 6.5.0;
			};
		};
		F97632D52842367200AE6854 /* XCRemoteSwiftPackageReference "Alamofire" */ = {
			isa = XCRemoteSwiftPackageReference;
			repositoryURL = "https://github.com/Alamofire/Alamofire.git";
			requirement = {
				kind = upToNextMajorVersion;
				minimumVersion = 5.6.1;
			};
		};
		F97632D82842369F00AE6854 /* XCRemoteSwiftPackageReference "Kingfisher" */ = {
			isa = XCRemoteSwiftPackageReference;
			repositoryURL = "https://github.com/onevcat/Kingfisher.git";
			requirement = {
				kind = upToNextMajorVersion;
				minimumVersion = 7.0.0;
			};
		};
		F97632DB284236BD00AE6854 /* XCRemoteSwiftPackageReference "Then" */ = {
			isa = XCRemoteSwiftPackageReference;
			repositoryURL = "https://github.com/devxoul/Then";
			requirement = {
				kind = upToNextMajorVersion;
				minimumVersion = 2.0.0;
			};
		};
		F97632DE284236FD00AE6854 /* XCRemoteSwiftPackageReference "SnapKit" */ = {
			isa = XCRemoteSwiftPackageReference;
			repositoryURL = "https://github.com/SnapKit/SnapKit.git";
			requirement = {
				kind = upToNextMajorVersion;
				minimumVersion = 5.0.1;
			};
		};
/* End XCRemoteSwiftPackageReference section */

/* Begin XCSwiftPackageProductDependency section */
		F96666D0284CF16000E5DF64 /* SwiftDate */ = {
			isa = XCSwiftPackageProductDependency;
			package = F96666CF284CF16000E5DF64 /* XCRemoteSwiftPackageReference "SwiftDate" */;
			productName = SwiftDate;
		};
		F96666D3284CF17000E5DF64 /* Moya */ = {
			isa = XCSwiftPackageProductDependency;
			package = F96666D2284CF17000E5DF64 /* XCRemoteSwiftPackageReference "Moya" */;
			productName = Moya;
		};
		F96666D5284CF17000E5DF64 /* RxMoya */ = {
			isa = XCSwiftPackageProductDependency;
			package = F96666D2284CF17000E5DF64 /* XCRemoteSwiftPackageReference "Moya" */;
			productName = RxMoya;
		};
		F96667152855C38700E5DF64 /* Charts */ = {
			isa = XCSwiftPackageProductDependency;
			package = F96667142855C38700E5DF64 /* XCRemoteSwiftPackageReference "Charts" */;
			productName = Charts;
		};
		F97632D12842357A00AE6854 /* RxCocoa */ = {
			isa = XCSwiftPackageProductDependency;
			package = F97632D02842357A00AE6854 /* XCRemoteSwiftPackageReference "RxSwift" */;
			productName = RxCocoa;
		};
		F97632D32842357A00AE6854 /* RxSwift */ = {
			isa = XCSwiftPackageProductDependency;
			package = F97632D02842357A00AE6854 /* XCRemoteSwiftPackageReference "RxSwift" */;
			productName = RxSwift;
		};
		F97632D62842367200AE6854 /* Alamofire */ = {
			isa = XCSwiftPackageProductDependency;
			package = F97632D52842367200AE6854 /* XCRemoteSwiftPackageReference "Alamofire" */;
			productName = Alamofire;
		};
		F97632D92842369F00AE6854 /* Kingfisher */ = {
			isa = XCSwiftPackageProductDependency;
			package = F97632D82842369F00AE6854 /* XCRemoteSwiftPackageReference "Kingfisher" */;
			productName = Kingfisher;
		};
		F97632DC284236BD00AE6854 /* Then */ = {
			isa = XCSwiftPackageProductDependency;
			package = F97632DB284236BD00AE6854 /* XCRemoteSwiftPackageReference "Then" */;
			productName = Then;
		};
		F97632DF284236FD00AE6854 /* SnapKit */ = {
			isa = XCSwiftPackageProductDependency;
			package = F97632DE284236FD00AE6854 /* XCRemoteSwiftPackageReference "SnapKit" */;
			productName = SnapKit;
		};
/* End XCSwiftPackageProductDependency section */
	};
	rootObject = F9763295284234AA00AE6854 /* Project object */;
}
